
Microsoft Visual Studio Solution File, Format Version 12.00
# Visual Studio 15
VisualStudioVersion = 15.0.26228.13
MinimumVisualStudioVersion = 10.0.40219.1
Project("{FAE04EC0-301F-11D3-BF4B-00C04F79EFBC}") = "AC30CustomLanguageManager", "AC30CustomLanguageManager\AC30CustomLanguageManager.csproj", "{F5A5FF71-D43A-4CE4-A523-95E310AD2777}"
EndProject
Project("{FAE04EC0-301F-11D3-BF4B-00C04F79EFBC}") = "AC30CustomLanguageManagerApp", "AC30CustomLanguageManagerApp\AC30CustomLanguageManagerApp.csproj", "{763E7B0C-D28B-4A6D-9649-C5AB0E1B7D2A}"
EndProject
Global
	GlobalSection(SolutionConfigurationPlatforms) = preSolution
		Debug|Any CPU = Debug|Any CPU
		Debug|x86 = Debug|x86
		Release|Any CPU = Release|Any CPU
		Release|x86 = Release|x86
	EndGlobalSection
	GlobalSection(ProjectConfigurationPlatforms) = postSolution
		{F5A5FF71-D43A-4CE4-A523-95E310AD2777}.Debug|Any CPU.ActiveCfg = Debug|Any CPU
		{F5A5FF71-D43A-4CE4-A523-95E310AD2777}.Debug|Any CPU.Build.0 = Debug|Any CPU
		{F5A5FF71-D43A-4CE4-A523-95E310AD2777}.Debug|x86.ActiveCfg = Debug|x86
		{F5A5FF71-D43A-4CE4-A523-95E310AD2777}.Debug|x86.Build.0 = Debug|x86
		{F5A5FF71-D43A-4CE4-A523-95E310AD2777}.Release|Any CPU.ActiveCfg = Release|Any CPU
		{F5A5FF71-D43A-4CE4-A523-95E310AD2777}.Release|Any CPU.Build.0 = Release|Any CPU
		{F5A5FF71-D43A-4CE4-A523-95E310AD2777}.Release|x86.ActiveCfg = Release|x86
		{F5A5FF71-D43A-4CE4-A523-95E310AD2777}.Release|x86.Build.0 = Release|x86
		{763E7B0C-D28B-4A6D-9649-C5AB0E1B7D2A}.Debug|Any CPU.ActiveCfg = Debug|Any CPU
		{763E7B0C-D28B-4A6D-9649-C5AB0E1B7D2A}.Debug|Any CPU.Build.0 = Debug|Any CPU
		{763E7B0C-D28B-4A6D-9649-C5AB0E1B7D2A}.Debug|x86.ActiveCfg = Debug|x86
		{763E7B0C-D28B-4A6D-9649-C5AB0E1B7D2A}.Debug|x86.Build.0 = Debug|x86
		{763E7B0C-D28B-4A6D-9649-C5AB0E1B7D2A}.Release|Any CPU.ActiveCfg = Release|Any CPU
		{763E7B0C-D28B-4A6D-9649-C5AB0E1B7D2A}.Release|Any CPU.Build.0 = Release|Any CPU
		{763E7B0C-D28B-4A6D-9649-C5AB0E1B7D2A}.Release|x86.ActiveCfg = Release|x86
		{763E7B0C-D28B-4A6D-9649-C5AB0E1B7D2A}.Release|x86.Build.0 = Release|x86
	EndGlobalSection
	GlobalSection(SolutionProperties) = preSolution
		HideSolutionNode = FALSE
	EndGlobalSection
EndGlobal
